<Solution>
  <Project Path="../tests/Dashagram.UnitTests/Dashagram.UnitTests.csproj" />
  <Project Path="../tests/Dashagram.IntegrationTests/Dashagram.IntegrationTests.csproj" />
  <Project Path="Dashagram.Api/Dashagram.Api.csproj" />
  <Project Path="Dashagram.Application/Dashagram.Application.csproj" />
  <Project Path="Dashagram.Domain/Dashagram.Domain.csproj" />
  <Project Path="Dashagram.Infrastructure/Dashagram.Infrastructure.csproj" />
</Solution>
